
Microsoft Visual Studio Solution File, Format Version 12.00
# Visual Studio Version 16
VisualStudioVersion = 16.0.31313.79
MinimumVisualStudioVersion = 10.0.40219.1
Project("{FAE04EC0-301F-11D3-BF4B-00C04F79EFBC}") = "HelloWorld", "HelloWorld\HelloWorld.csproj", "{52B5CDFC-CC8B-44B4-91A9-D624FC9A572C}"
EndProject
Project("{FAE04EC0-301F-11D3-BF4B-00C04F79EFBC}") = "HelloBeeGeek", "HelloBeeGeek\HelloBeeGeek.csproj", "{60E5EAFC-43ED-4EA1-9A88-AA812E250FD5}"
EndProject
Global
	GlobalSection(SolutionConfigurationPlatforms) = preSolution
		Debug|Any CPU = Debug|Any CPU
		Release|Any CPU = Release|Any CPU
	EndGlobalSection
	GlobalSection(ProjectConfigurationPlatforms) = postSolution
		{52B5CDFC-CC8B-44B4-91A9-D624FC9A572C}.Debug|Any CPU.ActiveCfg = Debug|Any CPU
		{52B5CDFC-CC8B-44B4-91A9-D624FC9A572C}.Debug|Any CPU.Build.0 = Debug|Any CPU
		{52B5CDFC-CC8B-44B4-91A9-D624FC9A572C}.Release|Any CPU.ActiveCfg = Release|Any CPU
		{52B5CDFC-CC8B-44B4-91A9-D624FC9A572C}.Release|Any CPU.Build.0 = Release|Any CPU
		{60E5EAFC-43ED-4EA1-9A88-AA812E250FD5}.Debug|Any CPU.ActiveCfg = Debug|Any CPU
		{60E5EAFC-43ED-4EA1-9A88-AA812E250FD5}.Debug|Any CPU.Build.0 = Debug|Any CPU
		{60E5EAFC-43ED-4EA1-9A88-AA812E250FD5}.Release|Any CPU.ActiveCfg = Release|Any CPU
		{60E5EAFC-43ED-4EA1-9A88-AA812E250FD5}.Release|Any CPU.Build.0 = Release|Any CPU
	EndGlobalSection
	GlobalSection(SolutionProperties) = preSolution
		HideSolutionNode = FALSE
	EndGlobalSection
	GlobalSection(ExtensibilityGlobals) = postSolution
		SolutionGuid = {4CD27E5E-F51B-485D-98E6-DC176BDD6E53}
	EndGlobalSection
EndGlobal
